
Microsoft Visual Studio Solution File, Format Version 12.00
# Visual Studio Version 17
VisualStudioVersion = 17.8.34309.116
MinimumVisualStudioVersion = 10.0.40219.1
Project("{FAE04EC0-301F-11D3-BF4B-00C04F79EFBC}") = "CroquetScores.RavenDBtoMySql", "source\CroquetScores.RavenDBtoMySql\CroquetScores.RavenDBtoMySql.csproj", "{C222D628-9B7A-4A01-BA46-2E81AF829A30}"
EndProject
Project("{FAE04EC0-301F-11D3-BF4B-00C04F79EFBC}") = "CroquetScores.RavenDB.Documents", "source\CroquetScores.RavenDB.Documents\CroquetScores.RavenDB.Documents.csproj", "{C1D33896-150A-4044-8119-D3FE17386DF1}"
EndProject
Global
	GlobalSection(SolutionConfigurationPlatforms) = preSolution
		Debug|Any CPU = Debug|Any CPU
		Release|Any CPU = Release|Any CPU
	EndGlobalSection
	GlobalSection(ProjectConfigurationPlatforms) = postSolution
		{C222D628-9B7A-4A01-BA46-2E81AF829A30}.Debug|Any CPU.ActiveCfg = Debug|Any CPU
		{C222D628-9B7A-4A01-BA46-2E81AF829A30}.Debug|Any CPU.Build.0 = Debug|Any CPU
		{C222D628-9B7A-4A01-BA46-2E81AF829A30}.Release|Any CPU.ActiveCfg = Release|Any CPU
		{C222D628-9B7A-4A01-BA46-2E81AF829A30}.Release|Any CPU.Build.0 = Release|Any CPU
		{C1D33896-150A-4044-8119-D3FE17386DF1}.Debug|Any CPU.ActiveCfg = Debug|Any CPU
		{C1D33896-150A-4044-8119-D3FE17386DF1}.Debug|Any CPU.Build.0 = Debug|Any CPU
		{C1D33896-150A-4044-8119-D3FE17386DF1}.Release|Any CPU.ActiveCfg = Release|Any CPU
		{C1D33896-150A-4044-8119-D3FE17386DF1}.Release|Any CPU.Build.0 = Release|Any CPU
	EndGlobalSection
	GlobalSection(SolutionProperties) = preSolution
		HideSolutionNode = FALSE
	EndGlobalSection
	GlobalSection(ExtensibilityGlobals) = postSolution
		SolutionGuid = {C8227B3F-3FB0-4CBA-A80A-66C2AF4565A3}
	EndGlobalSection
EndGlobal
